
Microsoft Visual Studio Solution File, Format Version 12.00
# Visual Studio 15
VisualStudioVersion = 15.0.26730.15
MinimumVisualStudioVersion = 10.0.40219.1
Project("{FAE04EC0-301F-11D3-BF4B-00C04F79EFBC}") = "NotaBlog.Core", "NotaBlog.Core\NotaBlog.Core.csproj", "{0164BD34-0A3A-4683-BEEF-FD3734795DE0}"
EndProject
Global
	GlobalSection(SolutionConfigurationPlatforms) = preSolution
		Debug|Any CPU = Debug|Any CPU
		Release|Any CPU = Release|Any CPU
	EndGlobalSection
	GlobalSection(ProjectConfigurationPlatforms) = postSolution
		{0164BD34-0A3A-4683-BEEF-FD3734795DE0}.Debug|Any CPU.ActiveCfg = Debug|Any CPU
		{0164BD34-0A3A-4683-BEEF-FD3734795DE0}.Debug|Any CPU.Build.0 = Debug|Any CPU
		{0164BD34-0A3A-4683-BEEF-FD3734795DE0}.Release|Any CPU.ActiveCfg = Release|Any CPU
		{0164BD34-0A3A-4683-BEEF-FD3734795DE0}.Release|Any CPU.Build.0 = Release|Any CPU
	EndGlobalSection
	GlobalSection(SolutionProperties) = preSolution
		HideSolutionNode = FALSE
	EndGlobalSection
	GlobalSection(ExtensibilityGlobals) = postSolution
		SolutionGuid = {21256776-FEDA-4FB8-B3B4-32E08ED8E987}
	EndGlobalSection
EndGlobal
